{
  "meteor": {
    "git": "https://github.com/meteor/meteor.git",
    "branch": "master",
    "commit": "2d8b41a87cec884489ead138b5dfea31487363f3"
  },
  "dependencies": {
    "basePackages": {
      "angularjs": {}
    },
    "packages": {
      "angularjs": {
        "git": "https://github.com/lvbreda/Meteor_angularjs.git",
        "tag": "v1.2.0",
        "commit": "7ec6f1c1c1c8b74f2e83bc042a55891f8840c453"
      }
    }
  }
}
